{
  "name": "Web",
  "lockfileVersion": 2,
  "requires": true,
  "packages": {
    "": {
      "dependencies": {
        "sweetalert2": "^11.6.4"
      }
    },
    "node_modules/sweetalert2": {
      "version": "11.6.5",
      "resolved": "https://registry.npmjs.org/sweetalert2/-/sweetalert2-11.6.5.tgz",
      "integrity": "sha512-4/2dD+HoGbMnemYJlY/IXhLUgVFVxLgH3dlEDLY1yufOAW9HLEI8VHmgCo4+pmXbUBlKZU/pDbSgw3wkysi8jQ==",
      "funding": {
        "type": "individual",
        "url": "https://github.com/sponsors/limonte"
      }
    }
  },
  "dependencies": {
    "sweetalert2": {
      "version": "11.6.5",
      "resolved": "https://registry.npmjs.org/sweetalert2/-/sweetalert2-11.6.5.tgz",
      "integrity": "sha512-4/2dD+HoGbMnemYJlY/IXhLUgVFVxLgH3dlEDLY1yufOAW9HLEI8VHmgCo4+pmXbUBlKZU/pDbSgw3wkysi8jQ=="
    }
  }
}
